<?xml version="1.0" encoding="utf-8"?>
<Project ToolsVersion="4.0" xmlns="http://schemas.microsoft.com/developer/msbuild/2003">
  <ItemGroup>
    <Filter Include="Source Files">
      <UniqueIdentifier>{4FC737F1-C7A5-4376-A066-2A32D752A2FF}</UniqueIdentifier>
      <Extensions>cpp;c;cc;cxx;c++;cppm;ixx;def;odl;idl;hpj;bat;asm;asmx</Extensions>
    </Filter>
    <Filter Include="Header Files">
      <UniqueIdentifier>{93995380-89BD-4b04-88EB-625FBE52EBFB}</UniqueIdentifier>
      <Extensions>h;hh;hpp;hxx;h++;hm;inl;inc;ipp;xsd</Extensions>
    </Filter>
    <Filter Include="Resource Files">
      <UniqueIdentifier>{67DA6AB6-F800-4c08-8B7A-83BB121AAD01}</UniqueIdentifier>
      <Extensions>rc;ico;cur;bmp;dlg;rc2;rct;bin;rgs;gif;jpg;jpeg;jpe;resx;tiff;tif;png;wav;mfcribbon-ms</Extensions>
    </Filter>
  </ItemGroup>
  <ItemGroup>
    <ClInclude Include="include\base\oo2baseinc.h">
      <Filter>Header Files</Filter>
    </ClInclude>
    <ClInclude Include="include\base\oo2basepub.h">
      <Filter>Header Files</Filter>
    </ClInclude>
    <ClInclude Include="include\base\oodlebasetypes.h">
      <Filter>Header Files</Filter>
    </ClInclude>
    <ClInclude Include="include\core\biglog2table.h">
      <Filter>Header Files</Filter>
    </ClInclude>
    <ClInclude Include="include\core\cbradutil.h">
      <Filter>Header Files</Filter>
    </ClInclude>
    <ClInclude Include="include\core\cbstrutil.h">
      <Filter>Header Files</Filter>
    </ClInclude>
    <ClInclude Include="include\core\cpux86.h">
      <Filter>Header Files</Filter>
    </ClInclude>
    <ClInclude Include="include\core\ctmf.h">
      <Filter>Header Files</Filter>
    </ClInclude>
    <ClInclude Include="include\core\entropysets.h">
      <Filter>Header Files</Filter>
    </ClInclude>
    <ClInclude Include="include\core\histogram.h">
      <Filter>Header Files</Filter>
    </ClInclude>
    <ClInclude Include="include\core\histogram_asm.h">
      <Filter>Header Files</Filter>
    </ClInclude>
    <ClInclude Include="include\core\log2table.h">
      <Filter>Header Files</Filter>
    </ClInclude>
    <ClInclude Include="include\core\longrangematcher.h">
      <Filter>Header Files</Filter>
    </ClInclude>
    <ClInclude Include="include\core\lrminternal.h">
      <Filter>Header Files</Filter>
    </ClInclude>
    <ClInclude Include="include\core\lzasserts.h">
      <Filter>Header Files</Filter>
    </ClInclude>
    <ClInclude Include="include\core\lzb.h">
      <Filter>Header Files</Filter>
    </ClInclude>
    <ClInclude Include="include\core\matchfinder.h">
      <Filter>Header Files</Filter>
    </ClInclude>
    <ClInclude Include="include\core\newlz.h">
      <Filter>Header Files</Filter>
    </ClInclude>
    <ClInclude Include="include\core\newlzf.h">
      <Filter>Header Files</Filter>
    </ClInclude>
    <ClInclude Include="include\core\newlzf_decoder.h">
      <Filter>Header Files</Filter>
    </ClInclude>
    <ClInclude Include="include\core\newlzhc.h">
      <Filter>Header Files</Filter>
    </ClInclude>
    <ClInclude Include="include\core\newlzhc_decoder.h">
      <Filter>Header Files</Filter>
    </ClInclude>
    <ClInclude Include="include\core\newlz_arrays.h">
      <Filter>Header Files</Filter>
    </ClInclude>
    <ClInclude Include="include\core\newlz_arrays_huff.h">
      <Filter>Header Files</Filter>
    </ClInclude>
    <ClInclude Include="include\core\newlz_arrays_rle.h">
      <Filter>Header Files</Filter>
    </ClInclude>
    <ClInclude Include="include\core\newlz_arrays_tans.h">
      <Filter>Header Files</Filter>
    </ClInclude>
    <ClInclude Include="include\core\newlz_block_coders.h">
      <Filter>Header Files</Filter>
    </ClInclude>
    <ClInclude Include="include\core\newlz_block_coders_ssse3.h">
      <Filter>Header Files</Filter>
    </ClInclude>
    <ClInclude Include="include\core\newlz_complexliterals.h">
      <Filter>Header Files</Filter>
    </ClInclude>
    <ClInclude Include="include\core\newlz_histo.h">
      <Filter>Header Files</Filter>
    </ClInclude>
    <ClInclude Include="include\core\newlz_multiarrays.h">
      <Filter>Header Files</Filter>
    </ClInclude>
    <ClInclude Include="include\core\newlz_offsets.h">
      <Filter>Header Files</Filter>
    </ClInclude>
    <ClInclude Include="include\core\newlz_shared.h">
      <Filter>Header Files</Filter>
    </ClInclude>
    <ClInclude Include="include\core\newlz_simd.h">
      <Filter>Header Files</Filter>
    </ClInclude>
    <ClInclude Include="include\core\newlz_speedfit.h">
      <Filter>Header Files</Filter>
    </ClInclude>
    <ClInclude Include="include\core\newlz_subliterals.h">
      <Filter>Header Files</Filter>
    </ClInclude>
    <ClInclude Include="include\core\newlz_tans.h">
      <Filter>Header Files</Filter>
    </ClInclude>
    <ClInclude Include="include\core\newlz_vtable.h">
      <Filter>Header Files</Filter>
    </ClInclude>
    <ClInclude Include="include\core\oodlebase.h">
      <Filter>Header Files</Filter>
    </ClInclude>
    <ClInclude Include="include\core\oodleconfigvalues.h">
      <Filter>Header Files</Filter>
    </ClInclude>
    <ClInclude Include="include\core\oodlecore.h">
      <Filter>Header Files</Filter>
    </ClInclude>
    <ClInclude Include="include\core\oodlecoreinit.h">
      <Filter>Header Files</Filter>
    </ClInclude>
    <ClInclude Include="include\core\oodlecoreplugins.h">
      <Filter>Header Files</Filter>
    </ClInclude>
    <ClInclude Include="include\core\oodlecoreplugins_gen.h">
      <Filter>Header Files</Filter>
    </ClInclude>
    <ClInclude Include="include\core\oodlehandle.h">
      <Filter>Header Files</Filter>
    </ClInclude>
    <ClInclude Include="include\core\oodlejob.h">
      <Filter>Header Files</Filter>
    </ClInclude>
    <ClInclude Include="include\core\oodlelzcompressors.h">
      <Filter>Header Files</Filter>
    </ClInclude>
    <ClInclude Include="include\core\oodlelzlegacyvtable.h">
      <Filter>Header Files</Filter>
    </ClInclude>
    <ClInclude Include="include\core\oodlelzpub.h">
      <Filter>Header Files</Filter>
    </ClInclude>
    <ClInclude Include="include\core\oodlemalloc.h">
      <Filter>Header Files</Filter>
    </ClInclude>
    <ClInclude Include="include\core\oodlepublicate.h">
      <Filter>Header Files</Filter>
    </ClInclude>
    <ClInclude Include="include\core\oodleversion.h">
      <Filter>Header Files</Filter>
    </ClInclude>
    <ClInclude Include="include\core\public\oodle_platform.h">
      <Filter>Header Files</Filter>
    </ClInclude>
    <ClInclude Include="include\core\publicate.h">
      <Filter>Header Files</Filter>
    </ClInclude>
    <ClInclude Include="include\core\rrarenaallocator.h">
      <Filter>Header Files</Filter>
    </ClInclude>
    <ClInclude Include="include\core\rrbase.h">
      <Filter>Header Files</Filter>
    </ClInclude>
    <ClInclude Include="include\core\rrbighash.h">
      <Filter>Header Files</Filter>
    </ClInclude>
    <ClInclude Include="include\core\rrbits.h">
      <Filter>Header Files</Filter>
    </ClInclude>
    <ClInclude Include="include\core\rrbytepacking.h">
      <Filter>Header Files</Filter>
    </ClInclude>
    <ClInclude Include="include\core\rrcompressutil.h">
      <Filter>Header Files</Filter>
    </ClInclude>
    <ClInclude Include="include\core\rrcppstd.h">
      <Filter>Header Files</Filter>
    </ClInclude>
    <ClInclude Include="include\core\rrfuzztesthelper.h">
      <Filter>Header Files</Filter>
    </ClInclude>
    <ClInclude Include="include\core\rrhashes.h">
      <Filter>Header Files</Filter>
    </ClInclude>
    <ClInclude Include="include\core\rrhuffman.h">
      <Filter>Header Files</Filter>
    </ClInclude>
    <ClInclude Include="include\core\rrhuffmandecode.h">
      <Filter>Header Files</Filter>
    </ClInclude>
    <ClInclude Include="include\core\rrlinknode.h">
      <Filter>Header Files</Filter>
    </ClInclude>
    <ClInclude Include="include\core\rrlog.h">
      <Filter>Header Files</Filter>
    </ClInclude>
    <ClInclude Include="include\core\rrlogutil.h">
      <Filter>Header Files</Filter>
    </ClInclude>
    <ClInclude Include="include\core\rrlzh_lzhlw_shared.h">
      <Filter>Header Files</Filter>
    </ClInclude>
    <ClInclude Include="include\core\rrmath.h">
      <Filter>Header Files</Filter>
    </ClInclude>
    <ClInclude Include="include\core\rrmem.h">
      <Filter>Header Files</Filter>
    </ClInclude>
    <ClInclude Include="include\core\rrmemutil.h">
      <Filter>Header Files</Filter>
    </ClInclude>
    <ClInclude Include="include\core\rrplatform.h">
      <Filter>Header Files</Filter>
    </ClInclude>
    <ClInclude Include="include\core\rrprefetch.h">
      <Filter>Header Files</Filter>
    </ClInclude>
    <ClInclude Include="include\core\rrrand.h">
      <Filter>Header Files</Filter>
    </ClInclude>
    <ClInclude Include="include\core\rrsimpleprof.h">
      <Filter>Header Files</Filter>
    </ClInclude>
    <ClInclude Include="include\core\rrsimpleprofstub.h">
      <Filter>Header Files</Filter>
    </ClInclude>
    <ClInclude Include="include\core\rrsprintf.h">
      <Filter>Header Files</Filter>
    </ClInclude>
    <ClInclude Include="include\core\rrstackarray.h">
      <Filter>Header Files</Filter>
    </ClInclude>
    <ClInclude Include="include\core\rrvarbitcodes.h">
      <Filter>Header Files</Filter>
    </ClInclude>
    <ClInclude Include="include\core\rrvarbits.h">
      <Filter>Header Files</Filter>
    </ClInclude>
    <ClInclude Include="include\core\speedfitter.h">
      <Filter>Header Files</Filter>
    </ClInclude>
    <ClInclude Include="include\core\suffixtrie.h">
      <Filter>Header Files</Filter>
    </ClInclude>
    <ClInclude Include="include\core\suffixtriematcher.h">
      <Filter>Header Files</Filter>
    </ClInclude>
    <ClInclude Include="include\core\templates\chunkstack.h">
      <Filter>Header Files</Filter>
    </ClInclude>
    <ClInclude Include="include\core\templates\rralgorithm.h">
      <Filter>Header Files</Filter>
    </ClInclude>
    <ClInclude Include="include\core\templates\rrhashfunction.h">
      <Filter>Header Files</Filter>
    </ClInclude>
    <ClInclude Include="include\core\templates\rrhashtable.h">
      <Filter>Header Files</Filter>
    </ClInclude>
    <ClInclude Include="include\core\templates\rrnew.h">
      <Filter>Header Files</Filter>
    </ClInclude>
    <ClInclude Include="include\core\templates\rrpool.h">
      <Filter>Header Files</Filter>
    </ClInclude>
    <ClInclude Include="include\core\templates\rrscopedptr.h">
      <Filter>Header Files</Filter>
    </ClInclude>
    <ClInclude Include="include\core\templates\rrstl.h">
      <Filter>Header Files</Filter>
    </ClInclude>
    <ClInclude Include="include\core\templates\rrvector.h">
      <Filter>Header Files</Filter>
    </ClInclude>
    <ClInclude Include="include\core\templates\rrvector_a.h">
      <Filter>Header Files</Filter>
    </ClInclude>
    <ClInclude Include="include\core\templates\rrvector_flex.h">
      <Filter>Header Files</Filter>
    </ClInclude>
    <ClInclude Include="include\core\templates\rrvector_s.h">
      <Filter>Header Files</Filter>
    </ClInclude>
    <ClInclude Include="include\core\templates\rrvector_st.h">
      <Filter>Header Files</Filter>
    </ClInclude>
    <ClInclude Include="include\core\templates\rrvector_t.h">
      <Filter>Header Files</Filter>
    </ClInclude>
    <ClInclude Include="include\core\templates\rrvector_util.h">
      <Filter>Header Files</Filter>
    </ClInclude>
    <ClInclude Include="include\core\threadprofiler.h">
      <Filter>Header Files</Filter>
    </ClInclude>
  </ItemGroup>
  <ItemGroup>
    <ClCompile Include="src\base\oo2baseinc.cpp">
      <Filter>Source Files</Filter>
    </ClCompile>
    <ClCompile Include="src\biglog2table.cpp">
      <Filter>Source Files</Filter>
    </ClCompile>
    <ClCompile Include="src\cbradutil.cpp">
      <Filter>Source Files</Filter>
    </ClCompile>
    <ClCompile Include="src\cbstrutil.cpp">
      <Filter>Source Files</Filter>
    </ClCompile>
    <ClCompile Include="src\core\templates\rrhashfunction.cpp">
      <Filter>Source Files</Filter>
    </ClCompile>
    <ClCompile Include="src\core\templates\rrhashtable.cpp">
      <Filter>Source Files</Filter>
    </ClCompile>
    <ClCompile Include="src\core\templates\rrnew.cpp">
      <Filter>Source Files</Filter>
    </ClCompile>
    <ClCompile Include="src\core\templates\rrpool.cpp">
      <Filter>Source Files</Filter>
    </ClCompile>
    <ClCompile Include="src\core\templates\rrscopedptr.cpp">
      <Filter>Source Files</Filter>
    </ClCompile>
    <ClCompile Include="src\core\templates\rrvector.cpp">
      <Filter>Source Files</Filter>
    </ClCompile>
    <ClCompile Include="src\core\templates\rrvector_a.cpp">
      <Filter>Source Files</Filter>
    </ClCompile>
    <ClCompile Include="src\cpux86.cpp">
      <Filter>Source Files</Filter>
    </ClCompile>
    <ClCompile Include="src\ctmf.cpp">
      <Filter>Source Files</Filter>
    </ClCompile>
    <ClCompile Include="src\entropysets.cpp">
      <Filter>Source Files</Filter>
    </ClCompile>
    <ClCompile Include="src\histogram.cpp">
      <Filter>Source Files</Filter>
    </ClCompile>
    <ClCompile Include="src\log2table.cpp">
      <Filter>Source Files</Filter>
    </ClCompile>
    <ClCompile Include="src\longrangematcher.cpp">
      <Filter>Source Files</Filter>
    </ClCompile>
    <ClCompile Include="src\lzasserts.cpp">
      <Filter>Source Files</Filter>
    </ClCompile>
    <ClCompile Include="src\lzb.cpp">
      <Filter>Source Files</Filter>
    </ClCompile>
    <ClCompile Include="src\newlz.cpp">
      <Filter>Source Files</Filter>
    </ClCompile>
    <ClCompile Include="src\newlzf.cpp">
      <Filter>Source Files</Filter>
    </ClCompile>
    <ClCompile Include="src\newlzf_sse4.cpp">
      <Filter>Source Files</Filter>
    </ClCompile>
    <ClCompile Include="src\newlzhc.cpp">
      <Filter>Source Files</Filter>
    </ClCompile>
    <ClCompile Include="src\newlzhc_sse4.cpp">
      <Filter>Source Files</Filter>
    </ClCompile>
    <ClCompile Include="src\newlz_arrays.cpp">
      <Filter>Source Files</Filter>
    </ClCompile>
    <ClCompile Include="src\newlz_arrays_huff.cpp">
      <Filter>Source Files</Filter>
    </ClCompile>
    <ClCompile Include="src\newlz_arrays_rle.cpp">
      <Filter>Source Files</Filter>
    </ClCompile>
    <ClCompile Include="src\newlz_arrays_tans.cpp">
      <Filter>Source Files</Filter>
    </ClCompile>
    <ClCompile Include="src\newlz_block_coders.cpp">
      <Filter>Source Files</Filter>
    </ClCompile>
    <ClCompile Include="src\newlz_block_coders_ssse3.cpp">
      <Filter>Source Files</Filter>
    </ClCompile>
    <ClCompile Include="src\newlz_histo.cpp">
      <Filter>Source Files</Filter>
    </ClCompile>
    <ClCompile Include="src\newlz_multiarrays.cpp">
      <Filter>Source Files</Filter>
    </ClCompile>
    <ClCompile Include="src\newlz_offsets.cpp">
      <Filter>Source Files</Filter>
    </ClCompile>
    <ClCompile Include="src\newlz_offsets_avx2.cpp">
      <Filter>Source Files</Filter>
    </ClCompile>
    <ClCompile Include="src\newlz_offsets_sse4.cpp">
      <Filter>Source Files</Filter>
    </ClCompile>
    <ClCompile Include="src\newlz_shared.cpp">
      <Filter>Source Files</Filter>
    </ClCompile>
    <ClCompile Include="src\newlz_simd.cpp">
      <Filter>Source Files</Filter>
    </ClCompile>
    <ClCompile Include="src\newlz_simd_sse4.cpp">
      <Filter>Source Files</Filter>
    </ClCompile>
    <ClCompile Include="src\newlz_speedfit.cpp">
      <Filter>Source Files</Filter>
    </ClCompile>
    <ClCompile Include="src\newlz_tans.cpp">
      <Filter>Source Files</Filter>
    </ClCompile>
    <ClCompile Include="src\newlz_vtable.cpp">
      <Filter>Source Files</Filter>
    </ClCompile>
    <ClCompile Include="src\oodlebase.cpp">
      <Filter>Source Files</Filter>
    </ClCompile>
    <ClCompile Include="src\oodleconfigvalues.cpp">
      <Filter>Source Files</Filter>
    </ClCompile>
    <ClCompile Include="src\oodlecore.cpp">
      <Filter>Source Files</Filter>
    </ClCompile>
    <ClCompile Include="src\oodlecoreinit.cpp">
      <Filter>Source Files</Filter>
    </ClCompile>
    <ClCompile Include="src\oodlecoreplugins.cpp">
      <Filter>Source Files</Filter>
    </ClCompile>
    <ClCompile Include="src\oodlehandle.cpp">
      <Filter>Source Files</Filter>
    </ClCompile>
    <ClCompile Include="src\oodlejob.cpp">
      <Filter>Source Files</Filter>
    </ClCompile>
    <ClCompile Include="src\oodlelzcompressors.cpp">
      <Filter>Source Files</Filter>
    </ClCompile>
    <ClCompile Include="src\oodlelzlegacyvtable.cpp">
      <Filter>Source Files</Filter>
    </ClCompile>
    <ClCompile Include="src\oodlelzpub.cpp">
      <Filter>Source Files</Filter>
    </ClCompile>
    <ClCompile Include="src\oodlemalloc.cpp">
      <Filter>Source Files</Filter>
    </ClCompile>
    <ClCompile Include="src\oodleversion.cpp">
      <Filter>Source Files</Filter>
    </ClCompile>
    <ClCompile Include="src\rrarenaallocator.cpp">
      <Filter>Source Files</Filter>
    </ClCompile>
    <ClCompile Include="src\rrbase.cpp">
      <Filter>Source Files</Filter>
    </ClCompile>
    <ClCompile Include="src\rrbighash.cpp">
      <Filter>Source Files</Filter>
    </ClCompile>
    <ClCompile Include="src\rrbytepacking.cpp">
      <Filter>Source Files</Filter>
    </ClCompile>
    <ClCompile Include="src\rrcompressutil.cpp">
      <Filter>Source Files</Filter>
    </ClCompile>
    <ClCompile Include="src\rrhashes.cpp">
      <Filter>Source Files</Filter>
    </ClCompile>
    <ClCompile Include="src\rrhuffman.cpp">
      <Filter>Source Files</Filter>
    </ClCompile>
    <ClCompile Include="src\rrhuffmandecode.cpp">
      <Filter>Source Files</Filter>
    </ClCompile>
    <ClCompile Include="src\rrlinknode.cpp">
      <Filter>Source Files</Filter>
    </ClCompile>
    <ClCompile Include="src\rrlog.cpp">
      <Filter>Source Files</Filter>
    </ClCompile>
    <ClCompile Include="src\rrlogutil.cpp">
      <Filter>Source Files</Filter>
    </ClCompile>
    <ClCompile Include="src\rrlzh_lzhlw_shared.cpp">
      <Filter>Source Files</Filter>
    </ClCompile>
    <ClCompile Include="src\rrmath.cpp">
      <Filter>Source Files</Filter>
    </ClCompile>
    <ClCompile Include="src\rrmem.cpp">
      <Filter>Source Files</Filter>
    </ClCompile>
    <ClCompile Include="src\rrmemutil.cpp">
      <Filter>Source Files</Filter>
    </ClCompile>
    <ClCompile Include="src\rrrand.cpp">
      <Filter>Source Files</Filter>
    </ClCompile>
    <ClCompile Include="src\rrsimpleprof.cpp">
      <Filter>Source Files</Filter>
    </ClCompile>
    <ClCompile Include="src\rrvarbitcodes.cpp">
      <Filter>Source Files</Filter>
    </ClCompile>
    <ClCompile Include="src\rrvarbits.cpp">
      <Filter>Source Files</Filter>
    </ClCompile>
    <ClCompile Include="src\suffixtrie.cpp">
      <Filter>Source Files</Filter>
    </ClCompile>
    <ClCompile Include="src\suffixtriematcher.cpp">
      <Filter>Source Files</Filter>
    </ClCompile>
    <ClCompile Include="src\threadprofiler.cpp">
      <Filter>Source Files</Filter>
    </ClCompile>
  </ItemGroup>
  <ItemGroup>
    <None Include="asm\core\asmlib_arm_a64.inc">
      <Filter>Header Files</Filter>
    </None>
    <None Include="asm\core\asmlib_x86_x64.inc">
      <Filter>Header Files</Filter>
    </None>
    <None Include="asm\core\newlz_huff_common.inc">
      <Filter>Header Files</Filter>
    </None>
    <None Include="asm\core\oodlecoreplugins_gen.inc">
      <Filter>Header Files</Filter>
    </None>
    <None Include="asm\core\oodlejobobject_generator.inc">
      <Filter>Header Files</Filter>
    </None>
    <None Include="include\core\rrlz_getmatchlen.inl">
      <Filter>Header Files</Filter>
    </None>
    <None Include="include\core\rrsort.inl">
      <Filter>Header Files</Filter>
    </None>
    <None Include="include\core\sloppymemset.inl">
      <Filter>Header Files</Filter>
    </None>
    <None Include="include\core\suffixtrie2.inl">
      <Filter>Header Files</Filter>
    </None>
    <None Include="include\core\goldensearch.inl">
      <Filter>Header Files</Filter>
    </None>
    <None Include="include\core\lzb_decode_inner.inl">
      <Filter>Header Files</Filter>
    </None>
    <None Include="include\core\lzb_decode_inner2.inl">
      <Filter>Header Files</Filter>
    </None>
    <None Include="include\core\lzb_fast.inl">
      <Filter>Header Files</Filter>
    </None>
    <None Include="include\core\lzb_fast_generic.inl">
      <Filter>Header Files</Filter>
    </None>
    <None Include="include\core\lzb_fast_normal.inl">
      <Filter>Header Files</Filter>
    </None>
    <None Include="include\core\lzb_vfast.inl">
      <Filter>Header Files</Filter>
    </None>
    <None Include="include\core\newlz_arrays.inl">
      <Filter>Header Files</Filter>
    </None>
    <None Include="include\core\newlz_block_coders.inl">
      <Filter>Header Files</Filter>
    </None>
    <None Include="include\core\newlz_decode_parse_inner.inl">
      <Filter>Header Files</Filter>
    </None>
    <None Include="include\core\newlz_decode_parse_outer.inl">
      <Filter>Header Files</Filter>
    </None>
    <None Include="include\core\newlz_rle_escape_packet.inl">
      <Filter>Header Files</Filter>
    </None>
    <None Include="include\core\newlz_tans.inl">
      <Filter>Header Files</Filter>
    </None>
    <None Include="include\core\newlzf_decode_parse_outer.inl">
      <Filter>Header Files</Filter>
    </None>
    <None Include="include\core\newlzf_escape_packet.inl">
      <Filter>Header Files</Filter>
    </None>
    <None Include="include\core\newlzhc_decode_parse_inner.inl">
      <Filter>Header Files</Filter>
    </None>
    <None Include="include\core\newlzhc_decode_parse_outer.inl">
      <Filter>Header Files</Filter>
    </None>
    <None Include="include\core\oodlejob.inl">
      <Filter>Header Files</Filter>
    </None>
    <None Include="include\core\rrhuffman.inl">
      <Filter>Header Files</Filter>
    </None>
  </ItemGroup>
</Project>