<?xml version="1.0" encoding="utf-8"?>
<Project ToolsVersion="4.0" xmlns="http://schemas.microsoft.com/developer/msbuild/2003">
  <ItemGroup>
    <Filter Include="Source Files">
      <UniqueIdentifier>{4FC737F1-C7A5-4376-A066-2A32D752A2FF}</UniqueIdentifier>
      <Extensions>cpp;c;cc;cxx;c++;cppm;ixx;def;odl;idl;hpj;bat;asm;asmx</Extensions>
    </Filter>
    <Filter Include="Header Files">
      <UniqueIdentifier>{93995380-89BD-4b04-88EB-625FBE52EBFB}</UniqueIdentifier>
      <Extensions>h;hh;hpp;hxx;h++;hm;inl;inc;ipp;xsd</Extensions>
    </Filter>
    <Filter Include="Resource Files">
      <UniqueIdentifier>{67DA6AB6-F800-4c08-8B7A-83BB121AAD01}</UniqueIdentifier>
      <Extensions>rc;ico;cur;bmp;dlg;rc2;rct;bin;rgs;gif;jpg;jpeg;jpe;resx;tiff;tif;png;wav;mfcribbon-ms</Extensions>
    </Filter>
    <Filter Include="Source Files\texture">
      <UniqueIdentifier>{04292718-9050-428f-868b-a1715f1877c7}</UniqueIdentifier>
    </Filter>
    <Filter Include="Source Files\base">
      <UniqueIdentifier>{32fe1fb1-9fa5-46b5-9b5c-9b564e741100}</UniqueIdentifier>
    </Filter>
    <Filter Include="Source Files\core">
      <UniqueIdentifier>{4380a026-41cd-48ab-9e2e-7e6aca0789a4}</UniqueIdentifier>
    </Filter>
    <Filter Include="Source Files\network">
      <UniqueIdentifier>{0740375e-7775-49e6-888f-4fd9a7efcaac}</UniqueIdentifier>
    </Filter>
    <Filter Include="Asm">
      <UniqueIdentifier>{9608a309-6e04-474e-b3d5-75828b43d71a}</UniqueIdentifier>
    </Filter>
    <Filter Include="Header Files\base">
      <UniqueIdentifier>{b0e024df-7a94-42cf-bb5f-0ecd96700a7e}</UniqueIdentifier>
    </Filter>
    <Filter Include="Header Files\core">
      <UniqueIdentifier>{3e89da32-a53b-4aa9-9386-ddc6b4643e84}</UniqueIdentifier>
    </Filter>
    <Filter Include="Header Files\network">
      <UniqueIdentifier>{a33d3d67-ea81-4455-a95d-b1247a564088}</UniqueIdentifier>
    </Filter>
    <Filter Include="Header Files\texture">
      <UniqueIdentifier>{dfabe94a-5d91-41e1-a487-4682ec15781d}</UniqueIdentifier>
    </Filter>
    <Filter Include="Header Files\core\public">
      <UniqueIdentifier>{b37f8e52-162c-495b-9235-3f8687474fc1}</UniqueIdentifier>
    </Filter>
    <Filter Include="Header Files\core\templates">
      <UniqueIdentifier>{cc6a24a7-f1b2-4fe3-a31a-4c4708bbb2a6}</UniqueIdentifier>
    </Filter>
    <Filter Include="Source Files\core\templates">
      <UniqueIdentifier>{157a559f-19c4-4dbf-b4eb-2acda1f451bc}</UniqueIdentifier>
    </Filter>
    <Filter Include="Asm\core">
      <UniqueIdentifier>{36a17c9a-bb18-4505-8cce-14810bf8cea2}</UniqueIdentifier>
    </Filter>
    <Filter Include="Asm\network">
      <UniqueIdentifier>{54aebb54-82ba-408a-9088-8f5ca7bfaf0c}</UniqueIdentifier>
    </Filter>
    <Filter Include="Asm\texture">
      <UniqueIdentifier>{12e7f896-57b9-450e-8101-150392573ea4}</UniqueIdentifier>
    </Filter>
  </ItemGroup>
  <ItemGroup>
    <ClInclude Include="include\base\oo2basepub.h">
      <Filter>Header Files\base</Filter>
    </ClInclude>
    <ClInclude Include="include\base\oodlebasetypes.h">
      <Filter>Header Files\base</Filter>
    </ClInclude>
    <ClInclude Include="include\base\oo2baseinc.h">
      <Filter>Header Files\base</Filter>
    </ClInclude>
    <ClInclude Include="include\core\log2table.h">
      <Filter>Header Files\core</Filter>
    </ClInclude>
    <ClInclude Include="include\core\longrangematcher.h">
      <Filter>Header Files\core</Filter>
    </ClInclude>
    <ClInclude Include="include\core\lrminternal.h">
      <Filter>Header Files\core</Filter>
    </ClInclude>
    <ClInclude Include="include\core\lzasserts.h">
      <Filter>Header Files\core</Filter>
    </ClInclude>
    <ClInclude Include="include\core\lzb.h">
      <Filter>Header Files\core</Filter>
    </ClInclude>
    <ClInclude Include="include\core\matchfinder.h">
      <Filter>Header Files\core</Filter>
    </ClInclude>
    <ClInclude Include="include\core\newlz.h">
      <Filter>Header Files\core</Filter>
    </ClInclude>
    <ClInclude Include="include\core\newlz_arrays.h">
      <Filter>Header Files\core</Filter>
    </ClInclude>
    <ClInclude Include="include\core\newlz_arrays_huff.h">
      <Filter>Header Files\core</Filter>
    </ClInclude>
    <ClInclude Include="include\core\newlz_arrays_rle.h">
      <Filter>Header Files\core</Filter>
    </ClInclude>
    <ClInclude Include="include\core\newlz_arrays_tans.h">
      <Filter>Header Files\core</Filter>
    </ClInclude>
    <ClInclude Include="include\core\newlz_block_coders.h">
      <Filter>Header Files\core</Filter>
    </ClInclude>
    <ClInclude Include="include\core\newlz_block_coders_ssse3.h">
      <Filter>Header Files\core</Filter>
    </ClInclude>
    <ClInclude Include="include\core\newlz_complexliterals.h">
      <Filter>Header Files\core</Filter>
    </ClInclude>
    <ClInclude Include="include\core\newlz_histo.h">
      <Filter>Header Files\core</Filter>
    </ClInclude>
    <ClInclude Include="include\core\newlz_multiarrays.h">
      <Filter>Header Files\core</Filter>
    </ClInclude>
    <ClInclude Include="include\core\newlz_offsets.h">
      <Filter>Header Files\core</Filter>
    </ClInclude>
    <ClInclude Include="include\core\newlz_shared.h">
      <Filter>Header Files\core</Filter>
    </ClInclude>
    <ClInclude Include="include\core\newlz_simd.h">
      <Filter>Header Files\core</Filter>
    </ClInclude>
    <ClInclude Include="include\core\newlz_speedfit.h">
      <Filter>Header Files\core</Filter>
    </ClInclude>
    <ClInclude Include="include\core\newlz_subliterals.h">
      <Filter>Header Files\core</Filter>
    </ClInclude>
    <ClInclude Include="include\core\newlz_tans.h">
      <Filter>Header Files\core</Filter>
    </ClInclude>
    <ClInclude Include="include\core\newlz_vtable.h">
      <Filter>Header Files\core</Filter>
    </ClInclude>
    <ClInclude Include="include\core\newlzf.h">
      <Filter>Header Files\core</Filter>
    </ClInclude>
    <ClInclude Include="include\core\newlzf_decoder.h">
      <Filter>Header Files\core</Filter>
    </ClInclude>
    <ClInclude Include="include\core\newlzhc.h">
      <Filter>Header Files\core</Filter>
    </ClInclude>
    <ClInclude Include="include\core\newlzhc_decoder.h">
      <Filter>Header Files\core</Filter>
    </ClInclude>
    <ClInclude Include="include\core\oodlebase.h">
      <Filter>Header Files\core</Filter>
    </ClInclude>
    <ClInclude Include="include\core\oodleconfigvalues.h">
      <Filter>Header Files\core</Filter>
    </ClInclude>
    <ClInclude Include="include\core\oodlecore.h">
      <Filter>Header Files\core</Filter>
    </ClInclude>
    <ClInclude Include="include\core\oodlecoreinit.h">
      <Filter>Header Files\core</Filter>
    </ClInclude>
    <ClInclude Include="include\core\oodlecoreplugins.h">
      <Filter>Header Files\core</Filter>
    </ClInclude>
    <ClInclude Include="include\core\oodlecoreplugins_gen.h">
      <Filter>Header Files\core</Filter>
    </ClInclude>
    <ClInclude Include="include\core\oodlehandle.h">
      <Filter>Header Files\core</Filter>
    </ClInclude>
    <ClInclude Include="include\core\oodlejob.h">
      <Filter>Header Files\core</Filter>
    </ClInclude>
    <ClInclude Include="include\core\oodlelzcompressors.h">
      <Filter>Header Files\core</Filter>
    </ClInclude>
    <ClInclude Include="include\core\oodlelzlegacyvtable.h">
      <Filter>Header Files\core</Filter>
    </ClInclude>
    <ClInclude Include="include\core\oodlelzpub.h">
      <Filter>Header Files\core</Filter>
    </ClInclude>
    <ClInclude Include="include\core\oodlemalloc.h">
      <Filter>Header Files\core</Filter>
    </ClInclude>
    <ClInclude Include="include\core\oodlepublicate.h">
      <Filter>Header Files\core</Filter>
    </ClInclude>
    <ClInclude Include="include\core\oodleversion.h">
      <Filter>Header Files\core</Filter>
    </ClInclude>
    <ClInclude Include="include\core\publicate.h">
      <Filter>Header Files\core</Filter>
    </ClInclude>
    <ClInclude Include="include\core\rrarenaallocator.h">
      <Filter>Header Files\core</Filter>
    </ClInclude>
    <ClInclude Include="include\core\rrbase.h">
      <Filter>Header Files\core</Filter>
    </ClInclude>
    <ClInclude Include="include\core\rrbighash.h">
      <Filter>Header Files\core</Filter>
    </ClInclude>
    <ClInclude Include="include\core\rrbits.h">
      <Filter>Header Files\core</Filter>
    </ClInclude>
    <ClInclude Include="include\core\rrbytepacking.h">
      <Filter>Header Files\core</Filter>
    </ClInclude>
    <ClInclude Include="include\core\rrcompressutil.h">
      <Filter>Header Files\core</Filter>
    </ClInclude>
    <ClInclude Include="include\core\rrcppstd.h">
      <Filter>Header Files\core</Filter>
    </ClInclude>
    <ClInclude Include="include\core\rrfuzztesthelper.h">
      <Filter>Header Files\core</Filter>
    </ClInclude>
    <ClInclude Include="include\core\rrhashes.h">
      <Filter>Header Files\core</Filter>
    </ClInclude>
    <ClInclude Include="include\core\rrhuffman.h">
      <Filter>Header Files\core</Filter>
    </ClInclude>
    <ClInclude Include="include\core\rrhuffmandecode.h">
      <Filter>Header Files\core</Filter>
    </ClInclude>
    <ClInclude Include="include\core\rrlinknode.h">
      <Filter>Header Files\core</Filter>
    </ClInclude>
    <ClInclude Include="include\core\rrlog.h">
      <Filter>Header Files\core</Filter>
    </ClInclude>
    <ClInclude Include="include\core\rrlogutil.h">
      <Filter>Header Files\core</Filter>
    </ClInclude>
    <ClInclude Include="include\core\rrlzh_lzhlw_shared.h">
      <Filter>Header Files\core</Filter>
    </ClInclude>
    <ClInclude Include="include\core\rrmath.h">
      <Filter>Header Files\core</Filter>
    </ClInclude>
    <ClInclude Include="include\core\rrmem.h">
      <Filter>Header Files\core</Filter>
    </ClInclude>
    <ClInclude Include="include\core\rrmemutil.h">
      <Filter>Header Files\core</Filter>
    </ClInclude>
    <ClInclude Include="include\core\rrplatform.h">
      <Filter>Header Files\core</Filter>
    </ClInclude>
    <ClInclude Include="include\core\rrprefetch.h">
      <Filter>Header Files\core</Filter>
    </ClInclude>
    <ClInclude Include="include\core\rrrand.h">
      <Filter>Header Files\core</Filter>
    </ClInclude>
    <ClInclude Include="include\core\rrsimpleprof.h">
      <Filter>Header Files\core</Filter>
    </ClInclude>
    <ClInclude Include="include\core\rrsimpleprofstub.h">
      <Filter>Header Files\core</Filter>
    </ClInclude>
    <ClInclude Include="include\core\rrsprintf.h">
      <Filter>Header Files\core</Filter>
    </ClInclude>
    <ClInclude Include="include\core\rrstackarray.h">
      <Filter>Header Files\core</Filter>
    </ClInclude>
    <ClInclude Include="include\core\rrvarbitcodes.h">
      <Filter>Header Files\core</Filter>
    </ClInclude>
    <ClInclude Include="include\core\rrvarbits.h">
      <Filter>Header Files\core</Filter>
    </ClInclude>
    <ClInclude Include="include\core\speedfitter.h">
      <Filter>Header Files\core</Filter>
    </ClInclude>
    <ClInclude Include="include\core\suffixtrie.h">
      <Filter>Header Files\core</Filter>
    </ClInclude>
    <ClInclude Include="include\core\suffixtriematcher.h">
      <Filter>Header Files\core</Filter>
    </ClInclude>
    <ClInclude Include="include\core\threadprofiler.h">
      <Filter>Header Files\core</Filter>
    </ClInclude>
    <ClInclude Include="include\core\biglog2table.h">
      <Filter>Header Files\core</Filter>
    </ClInclude>
    <ClInclude Include="include\core\cbradutil.h">
      <Filter>Header Files\core</Filter>
    </ClInclude>
    <ClInclude Include="include\core\cbstrutil.h">
      <Filter>Header Files\core</Filter>
    </ClInclude>
    <ClInclude Include="include\core\cpux86.h">
      <Filter>Header Files\core</Filter>
    </ClInclude>
    <ClInclude Include="include\core\ctmf.h">
      <Filter>Header Files\core</Filter>
    </ClInclude>
    <ClInclude Include="include\core\entropysets.h">
      <Filter>Header Files\core</Filter>
    </ClInclude>
    <ClInclude Include="include\core\histogram.h">
      <Filter>Header Files\core</Filter>
    </ClInclude>
    <ClInclude Include="include\core\histogram_asm.h">
      <Filter>Header Files\core</Filter>
    </ClInclude>
    <ClInclude Include="include\core\public\oodle_platform.h">
      <Filter>Header Files\core\public</Filter>
    </ClInclude>
    <ClInclude Include="include\core\templates\rrstl.h">
      <Filter>Header Files\core\templates</Filter>
    </ClInclude>
    <ClInclude Include="include\core\templates\rrvector.h">
      <Filter>Header Files\core\templates</Filter>
    </ClInclude>
    <ClInclude Include="include\core\templates\rrvector_a.h">
      <Filter>Header Files\core\templates</Filter>
    </ClInclude>
    <ClInclude Include="include\core\templates\rrvector_flex.h">
      <Filter>Header Files\core\templates</Filter>
    </ClInclude>
    <ClInclude Include="include\core\templates\rrvector_s.h">
      <Filter>Header Files\core\templates</Filter>
    </ClInclude>
    <ClInclude Include="include\core\templates\rrvector_st.h">
      <Filter>Header Files\core\templates</Filter>
    </ClInclude>
    <ClInclude Include="include\core\templates\rrvector_t.h">
      <Filter>Header Files\core\templates</Filter>
    </ClInclude>
    <ClInclude Include="include\core\templates\rrvector_util.h">
      <Filter>Header Files\core\templates</Filter>
    </ClInclude>
    <ClInclude Include="include\core\templates\chunkstack.h">
      <Filter>Header Files\core\templates</Filter>
    </ClInclude>
    <ClInclude Include="include\core\templates\rralgorithm.h">
      <Filter>Header Files\core\templates</Filter>
    </ClInclude>
    <ClInclude Include="include\core\templates\rrhashfunction.h">
      <Filter>Header Files\core\templates</Filter>
    </ClInclude>
    <ClInclude Include="include\core\templates\rrhashtable.h">
      <Filter>Header Files\core\templates</Filter>
    </ClInclude>
    <ClInclude Include="include\core\templates\rrnew.h">
      <Filter>Header Files\core\templates</Filter>
    </ClInclude>
    <ClInclude Include="include\core\templates\rrpool.h">
      <Filter>Header Files\core\templates</Filter>
    </ClInclude>
    <ClInclude Include="include\core\templates\rrscopedptr.h">
      <Filter>Header Files\core\templates</Filter>
    </ClInclude>
    <ClInclude Include="include\network\oodlenetplugins_gen.h">
      <Filter>Header Files\network</Filter>
    </ClInclude>
    <ClInclude Include="include\network\oodlenetworkversion.h">
      <Filter>Header Files\network</Filter>
    </ClInclude>
    <ClInclude Include="include\network\oodlestaticlzp.h">
      <Filter>Header Files\network</Filter>
    </ClInclude>
    <ClInclude Include="include\network\oonet2.h">
      <Filter>Header Files\network</Filter>
    </ClInclude>
    <ClInclude Include="include\network\rrarithcoder.h">
      <Filter>Header Files\network</Filter>
    </ClInclude>
    <ClInclude Include="include\network\rrtans.h">
      <Filter>Header Files\network</Filter>
    </ClInclude>
    <ClInclude Include="include\network\oodle2netpub.h">
      <Filter>Header Files\network</Filter>
    </ClInclude>
  </ItemGroup>
  <ItemGroup>
    <ClCompile Include="src\network\rrarithcoder.cpp">
      <Filter>Source Files\network</Filter>
    </ClCompile>
    <ClCompile Include="src\network\rrtans.cpp">
      <Filter>Source Files\network</Filter>
    </ClCompile>
    <ClCompile Include="src\network\testoo2netstub.cpp">
      <Filter>Source Files\network</Filter>
    </ClCompile>
    <ClCompile Include="src\network\oodlestaticlzp.cpp">
      <Filter>Source Files\network</Filter>
    </ClCompile>
    <ClCompile Include="src\network\oonet2.cpp">
      <Filter>Source Files\network</Filter>
    </ClCompile>
    <ClCompile Include="src\base\oo2baseinc.cpp">
      <Filter>Source Files\base</Filter>
    </ClCompile>
    <ClCompile Include="src\core\lzasserts.cpp">
      <Filter>Source Files\core</Filter>
    </ClCompile>
    <ClCompile Include="src\core\lzb.cpp">
      <Filter>Source Files\core</Filter>
    </ClCompile>
    <ClCompile Include="src\core\newlz.cpp">
      <Filter>Source Files\core</Filter>
    </ClCompile>
    <ClCompile Include="src\core\newlz_arrays.cpp">
      <Filter>Source Files\core</Filter>
    </ClCompile>
    <ClCompile Include="src\core\newlz_arrays_huff.cpp">
      <Filter>Source Files\core</Filter>
    </ClCompile>
    <ClCompile Include="src\core\newlz_arrays_rle.cpp">
      <Filter>Source Files\core</Filter>
    </ClCompile>
    <ClCompile Include="src\core\newlz_arrays_tans.cpp">
      <Filter>Source Files\core</Filter>
    </ClCompile>
    <ClCompile Include="src\core\newlz_block_coders.cpp">
      <Filter>Source Files\core</Filter>
    </ClCompile>
    <ClCompile Include="src\core\newlz_block_coders_ssse3.cpp">
      <Filter>Source Files\core</Filter>
    </ClCompile>
    <ClCompile Include="src\core\newlz_histo.cpp">
      <Filter>Source Files\core</Filter>
    </ClCompile>
    <ClCompile Include="src\core\newlz_multiarrays.cpp">
      <Filter>Source Files\core</Filter>
    </ClCompile>
    <ClCompile Include="src\core\newlz_offsets.cpp">
      <Filter>Source Files\core</Filter>
    </ClCompile>
    <ClCompile Include="src\core\newlz_offsets_avx2.cpp">
      <Filter>Source Files\core</Filter>
    </ClCompile>
    <ClCompile Include="src\core\newlz_offsets_sse4.cpp">
      <Filter>Source Files\core</Filter>
    </ClCompile>
    <ClCompile Include="src\core\newlz_shared.cpp">
      <Filter>Source Files\core</Filter>
    </ClCompile>
    <ClCompile Include="src\core\newlz_simd.cpp">
      <Filter>Source Files\core</Filter>
    </ClCompile>
    <ClCompile Include="src\core\newlz_simd_sse4.cpp">
      <Filter>Source Files\core</Filter>
    </ClCompile>
    <ClCompile Include="src\core\newlz_speedfit.cpp">
      <Filter>Source Files\core</Filter>
    </ClCompile>
    <ClCompile Include="src\core\newlz_tans.cpp">
      <Filter>Source Files\core</Filter>
    </ClCompile>
    <ClCompile Include="src\core\newlz_vtable.cpp">
      <Filter>Source Files\core</Filter>
    </ClCompile>
    <ClCompile Include="src\core\newlzf.cpp">
      <Filter>Source Files\core</Filter>
    </ClCompile>
    <ClCompile Include="src\core\newlzf_sse4.cpp">
      <Filter>Source Files\core</Filter>
    </ClCompile>
    <ClCompile Include="src\core\newlzhc.cpp">
      <Filter>Source Files\core</Filter>
    </ClCompile>
    <ClCompile Include="src\core\newlzhc_sse4.cpp">
      <Filter>Source Files\core</Filter>
    </ClCompile>
    <ClCompile Include="src\core\oodlebase.cpp">
      <Filter>Source Files\core</Filter>
    </ClCompile>
    <ClCompile Include="src\core\oodleconfigvalues.cpp">
      <Filter>Source Files\core</Filter>
    </ClCompile>
    <ClCompile Include="src\core\oodlecore.cpp">
      <Filter>Source Files\core</Filter>
    </ClCompile>
    <ClCompile Include="src\core\oodlecoreinit.cpp">
      <Filter>Source Files\core</Filter>
    </ClCompile>
    <ClCompile Include="src\core\oodlecoreplugins.cpp">
      <Filter>Source Files\core</Filter>
    </ClCompile>
    <ClCompile Include="src\core\oodlehandle.cpp">
      <Filter>Source Files\core</Filter>
    </ClCompile>
    <ClCompile Include="src\core\oodlejob.cpp">
      <Filter>Source Files\core</Filter>
    </ClCompile>
    <ClCompile Include="src\core\oodlelzcompressors.cpp">
      <Filter>Source Files\core</Filter>
    </ClCompile>
    <ClCompile Include="src\core\oodlelzlegacyvtable.cpp">
      <Filter>Source Files\core</Filter>
    </ClCompile>
    <ClCompile Include="src\core\oodlelzpub.cpp">
      <Filter>Source Files\core</Filter>
    </ClCompile>
    <ClCompile Include="src\core\oodlemalloc.cpp">
      <Filter>Source Files\core</Filter>
    </ClCompile>
    <ClCompile Include="src\core\oodleversion.cpp">
      <Filter>Source Files\core</Filter>
    </ClCompile>
    <ClCompile Include="src\core\rrarenaallocator.cpp">
      <Filter>Source Files\core</Filter>
    </ClCompile>
    <ClCompile Include="src\core\rrbase.cpp">
      <Filter>Source Files\core</Filter>
    </ClCompile>
    <ClCompile Include="src\core\rrbighash.cpp">
      <Filter>Source Files\core</Filter>
    </ClCompile>
    <ClCompile Include="src\core\rrbytepacking.cpp">
      <Filter>Source Files\core</Filter>
    </ClCompile>
    <ClCompile Include="src\core\rrcompressutil.cpp">
      <Filter>Source Files\core</Filter>
    </ClCompile>
    <ClCompile Include="src\core\rrhashes.cpp">
      <Filter>Source Files\core</Filter>
    </ClCompile>
    <ClCompile Include="src\core\rrhuffman.cpp">
      <Filter>Source Files\core</Filter>
    </ClCompile>
    <ClCompile Include="src\core\rrhuffmandecode.cpp">
      <Filter>Source Files\core</Filter>
    </ClCompile>
    <ClCompile Include="src\core\rrlinknode.cpp">
      <Filter>Source Files\core</Filter>
    </ClCompile>
    <ClCompile Include="src\core\rrlog.cpp">
      <Filter>Source Files\core</Filter>
    </ClCompile>
    <ClCompile Include="src\core\rrlogutil.cpp">
      <Filter>Source Files\core</Filter>
    </ClCompile>
    <ClCompile Include="src\core\rrlzh_lzhlw_shared.cpp">
      <Filter>Source Files\core</Filter>
    </ClCompile>
    <ClCompile Include="src\core\rrmath.cpp">
      <Filter>Source Files\core</Filter>
    </ClCompile>
    <ClCompile Include="src\core\rrmem.cpp">
      <Filter>Source Files\core</Filter>
    </ClCompile>
    <ClCompile Include="src\core\rrmemutil.cpp">
      <Filter>Source Files\core</Filter>
    </ClCompile>
    <ClCompile Include="src\core\rrrand.cpp">
      <Filter>Source Files\core</Filter>
    </ClCompile>
    <ClCompile Include="src\core\rrsimpleprof.cpp">
      <Filter>Source Files\core</Filter>
    </ClCompile>
    <ClCompile Include="src\core\rrvarbitcodes.cpp">
      <Filter>Source Files\core</Filter>
    </ClCompile>
    <ClCompile Include="src\core\rrvarbits.cpp">
      <Filter>Source Files\core</Filter>
    </ClCompile>
    <ClCompile Include="src\core\suffixtrie.cpp">
      <Filter>Source Files\core</Filter>
    </ClCompile>
    <ClCompile Include="src\core\suffixtriematcher.cpp">
      <Filter>Source Files\core</Filter>
    </ClCompile>
    <ClCompile Include="src\core\threadprofiler.cpp">
      <Filter>Source Files\core</Filter>
    </ClCompile>
    <ClCompile Include="src\core\biglog2table.cpp">
      <Filter>Source Files\core</Filter>
    </ClCompile>
    <ClCompile Include="src\core\cbradutil.cpp">
      <Filter>Source Files\core</Filter>
    </ClCompile>
    <ClCompile Include="src\core\cbstrutil.cpp">
      <Filter>Source Files\core</Filter>
    </ClCompile>
    <ClCompile Include="src\core\cpux86.cpp">
      <Filter>Source Files\core</Filter>
    </ClCompile>
    <ClCompile Include="src\core\ctmf.cpp">
      <Filter>Source Files\core</Filter>
    </ClCompile>
    <ClCompile Include="src\core\entropysets.cpp">
      <Filter>Source Files\core</Filter>
    </ClCompile>
    <ClCompile Include="src\core\histogram.cpp">
      <Filter>Source Files\core</Filter>
    </ClCompile>
    <ClCompile Include="src\core\log2table.cpp">
      <Filter>Source Files\core</Filter>
    </ClCompile>
    <ClCompile Include="src\core\longrangematcher.cpp">
      <Filter>Source Files\core</Filter>
    </ClCompile>
    <ClCompile Include="src\core\templates\rrpool.cpp">
      <Filter>Source Files\core\templates</Filter>
    </ClCompile>
    <ClCompile Include="src\core\templates\rrscopedptr.cpp">
      <Filter>Source Files\core\templates</Filter>
    </ClCompile>
    <ClCompile Include="src\core\templates\rrvector.cpp">
      <Filter>Source Files\core\templates</Filter>
    </ClCompile>
    <ClCompile Include="src\core\templates\rrvector_a.cpp">
      <Filter>Source Files\core\templates</Filter>
    </ClCompile>
    <ClCompile Include="src\core\templates\rrhashfunction.cpp">
      <Filter>Source Files\core\templates</Filter>
    </ClCompile>
    <ClCompile Include="src\core\templates\rrhashtable.cpp">
      <Filter>Source Files\core\templates</Filter>
    </ClCompile>
    <ClCompile Include="src\core\templates\rrnew.cpp">
      <Filter>Source Files\core\templates</Filter>
    </ClCompile>
    <ClCompile Include="asm\core\linux_symver.c">
      <Filter>Asm\core</Filter>
    </ClCompile>
  </ItemGroup>
  <ItemGroup>
    <None Include="asm\core\lzb_vfast.inl">
      <Filter>Asm\core</Filter>
    </None>
    <None Include="asm\core\newlz_arrays.inl">
      <Filter>Asm\core</Filter>
    </None>
    <None Include="asm\core\newlz_block_coders.inl">
      <Filter>Asm\core</Filter>
    </None>
    <None Include="asm\core\newlz_decode_parse_inner.inl">
      <Filter>Asm\core</Filter>
    </None>
    <None Include="asm\core\newlz_decode_parse_outer.inl">
      <Filter>Asm\core</Filter>
    </None>
    <None Include="asm\core\newlz_decoffs44.a64.S">
      <Filter>Asm\core</Filter>
    </None>
    <None Include="asm\core\newlz_decoffsalt.a64.S">
      <Filter>Asm\core</Filter>
    </None>
    <None Include="asm\core\newlz_huff_common.inc">
      <Filter>Asm\core</Filter>
    </None>
    <None Include="asm\core\newlz_huff_x64_zen2.nas">
      <Filter>Asm\core</Filter>
    </None>
    <None Include="asm\core\newlz_huff3.a64.S">
      <Filter>Asm\core</Filter>
    </None>
    <None Include="asm\core\newlz_huff3_cortex_a57.a64.S">
      <Filter>Asm\core</Filter>
    </None>
    <None Include="asm\core\newlz_huff3_wide.a64.S">
      <Filter>Asm\core</Filter>
    </None>
    <None Include="asm\core\newlz_huff6.a64.S">
      <Filter>Asm\core</Filter>
    </None>
    <None Include="asm\core\newlz_huff6_cortex_a57.a64.S">
      <Filter>Asm\core</Filter>
    </None>
    <None Include="asm\core\newlz_huff6_wide.a64.S">
      <Filter>Asm\core</Filter>
    </None>
    <None Include="asm\core\newlz_huff6_x64_bmi2.nas">
      <Filter>Asm\core</Filter>
    </None>
    <None Include="asm\core\newlz_huff6_x64_generic.nas">
      <Filter>Asm\core</Filter>
    </None>
    <None Include="asm\core\newlz_huff6_x64_zen2.nas">
      <Filter>Asm\core</Filter>
    </None>
    <None Include="asm\core\newlz_huff6_x86_sse2.nas">
      <Filter>Asm\core</Filter>
    </None>
    <None Include="asm\core\newlz_huffx64_bmi2.nas">
      <Filter>Asm\core</Filter>
    </None>
    <None Include="asm\core\newlz_huffx64_generic.nas">
      <Filter>Asm\core</Filter>
    </None>
    <None Include="asm\core\newlz_huffx64_jaguar.nas">
      <Filter>Asm\core</Filter>
    </None>
    <None Include="asm\core\newlz_huffx86_sse2.nas">
      <Filter>Asm\core</Filter>
    </None>
    <None Include="asm\core\newlz_rle_escape_packet.inl">
      <Filter>Asm\core</Filter>
    </None>
    <None Include="asm\core\newlz_tans.a64.S">
      <Filter>Asm\core</Filter>
    </None>
    <None Include="asm\core\newlz_tans.inl">
      <Filter>Asm\core</Filter>
    </None>
    <None Include="asm\core\newlz_tans_cortex_a57.a64.S">
      <Filter>Asm\core</Filter>
    </None>
    <None Include="asm\core\newlz_tans_x64_bmi2.nas">
      <Filter>Asm\core</Filter>
    </None>
    <None Include="asm\core\newlz_tans_x64_generic.nas">
      <Filter>Asm\core</Filter>
    </None>
    <None Include="asm\core\newlz_tans_x64_jaguar.nas">
      <Filter>Asm\core</Filter>
    </None>
    <None Include="asm\core\newlzf_decode_parse_outer.inl">
      <Filter>Asm\core</Filter>
    </None>
    <None Include="asm\core\newlzf_escape_packet.inl">
      <Filter>Asm\core</Filter>
    </None>
    <None Include="asm\core\newlzhc_decode_parse_inner.inl">
      <Filter>Asm\core</Filter>
    </None>
    <None Include="asm\core\newlzhc_decode_parse_outer.inl">
      <Filter>Asm\core</Filter>
    </None>
    <None Include="asm\core\oodlecoreplugins_gen.inc">
      <Filter>Asm\core</Filter>
    </None>
    <None Include="asm\core\oodlejob.inl">
      <Filter>Asm\core</Filter>
    </None>
    <None Include="asm\core\oodlejobobject_generator.inc">
      <Filter>Asm\core</Filter>
    </None>
    <None Include="asm\core\rrhuffman.inl">
      <Filter>Asm\core</Filter>
    </None>
    <None Include="asm\core\rrlz_getmatchlen.inl">
      <Filter>Asm\core</Filter>
    </None>
    <None Include="asm\core\rrsort.inl">
      <Filter>Asm\core</Filter>
    </None>
    <None Include="asm\core\sloppymemset.inl">
      <Filter>Asm\core</Filter>
    </None>
    <None Include="asm\core\suffixtrie2.inl">
      <Filter>Asm\core</Filter>
    </None>
    <None Include="asm\core\x64_wc_probe.nas">
      <Filter>Asm\core</Filter>
    </None>
    <None Include="asm\core\asmlib_arm_a64.inc">
      <Filter>Asm\core</Filter>
    </None>
    <None Include="asm\core\asmlib_x86_x64.inc">
      <Filter>Asm\core</Filter>
    </None>
    <None Include="asm\core\enchuff3_x64_bmi2.nas">
      <Filter>Asm\core</Filter>
    </None>
    <None Include="asm\core\enchuff3_x64_generic.nas">
      <Filter>Asm\core</Filter>
    </None>
    <None Include="asm\core\enchuff3_x64_jaguar.nas">
      <Filter>Asm\core</Filter>
    </None>
    <None Include="asm\core\enchuff3c.a64.S">
      <Filter>Asm\core</Filter>
    </None>
    <None Include="asm\core\goldensearch.inl">
      <Filter>Asm\core</Filter>
    </None>
    <None Include="asm\core\histo.a64.S">
      <Filter>Asm\core</Filter>
    </None>
    <None Include="asm\core\histo_x64_generic.nas">
      <Filter>Asm\core</Filter>
    </None>
    <None Include="asm\core\lzb_decode_inner.inl">
      <Filter>Asm\core</Filter>
    </None>
    <None Include="asm\core\lzb_decode_inner2.inl">
      <Filter>Asm\core</Filter>
    </None>
    <None Include="asm\core\lzb_fast.inl">
      <Filter>Asm\core</Filter>
    </None>
    <None Include="asm\core\lzb_fast_generic.inl">
      <Filter>Asm\core</Filter>
    </None>
    <None Include="asm\core\lzb_fast_normal.inl">
      <Filter>Asm\core</Filter>
    </None>
    <None Include="asm\network\arith_o1scontext.inl">
      <Filter>Asm\network</Filter>
    </None>
    <None Include="asm\network\arith_o1symbolranker.inl">
      <Filter>Asm\network</Filter>
    </None>
    <None Include="asm\network\arith_symbolranker.inl">
      <Filter>Asm\network</Filter>
    </None>
    <None Include="asm\network\oodlenetplugins_gen.inc">
      <Filter>Asm\network</Filter>
    </None>
    <None Include="asm\network\rrarithcoder.inl">
      <Filter>Asm\network</Filter>
    </None>
    <None Include="asm\network\rrtans.inl">
      <Filter>Asm\network</Filter>
    </None>
    <None Include="asm\network\arith_nosbvaluecoder.inl">
      <Filter>Asm\network</Filter>
    </None>
    <None Include="asm\network\arith_o0.inl">
      <Filter>Asm\network</Filter>
    </None>
    <None Include="asm\network\arith_o1.inl">
      <Filter>Asm\network</Filter>
    </None>
  </ItemGroup>
</Project>